// !$*UTF8*$!
{
	archiveVersion = 1;
	classes = {
	};
	objectVersion = 50;
	objects = {

/* Begin PBXBuildFile section */
		EC7A4210260EF05E001276FB /* AppDelegate.swift in Sources */ = {isa = PBXBuildFile; fileRef = EC7A420F260EF05E001276FB /* AppDelegate.swift */; };
		EC7A4212260EF05E001276FB /* SceneDelegate.swift in Sources */ = {isa = PBXBuildFile; fileRef = EC7A4211260EF05E001276FB /* SceneDelegate.swift */; };
		EC7A4214260EF05E001276FB /* ViewController.swift in Sources */ = {isa = PBXBuildFile; fileRef = EC7A4213260EF05E001276FB /* ViewController.swift */; };
		EC7A4217260EF05E001276FB /* Main.storyboard in Resources */ = {isa = PBXBuildFile; fileRef = EC7A4215260EF05E001276FB /* Main.storyboard */; };
		EC7A4219260EF060001276FB /* Assets.xcassets in Resources */ = {isa = PBXBuildFile; fileRef = EC7A4218260EF060001276FB /* Assets.xcassets */; };
		EC7A421C260EF060001276FB /* LaunchScreen.storyboard in Resources */ = {isa = PBXBuildFile; fileRef = EC7A421A260EF060001276FB /* LaunchScreen.storyboard */; };
		F98C69BBA4EEE9D19DC2B3A4 /* Pods_DriverPractice.framework in Frameworks */ = {isa = PBXBuildFile; fileRef = 673C93B9778502650F42E4C3 /* Pods_DriverPractice.framework */; };
/* End PBXBuildFile section */

/* Begin PBXFileReference section */
		29AC0513545B9BE7208291B4 /* Pods-DriverPractice.release.xcconfig */ = {isa = PBXFileReference; includeInIndex = 1; lastKnownFileType = text.xcconfig; name = "Pods-DriverPractice.release.xcconfig"; path = "Target Support Files/Pods-DriverPractice/Pods-DriverPractice.release.xcconfig"; sourceTree = "<group>"; };
		673C93B9778502650F42E4C3 /* Pods_DriverPractice.framework */ = {isa = PBXFileReference; explicitFileType = wrapper.framework; includeInIndex = 0; path = Pods_DriverPractice.framework; sourceTree = BUILT_PRODUCTS_DIR; };
		EC7A420C260EF05E001276FB /* DriverPractice.app */ = {isa = PBXFileReference; explicitFileType = wrapper.application; includeInIndex = 0; path = DriverPractice.app; sourceTree = BUILT_PRODUCTS_DIR; };
		EC7A420F260EF05E001276FB /* AppDelegate.swift */ = {isa = PBXFileReference; lastKnownFileType = sourcecode.swift; path = AppDelegate.swift; sourceTree = "<group>"; };
		EC7A4211260EF05E001276FB /* SceneDelegate.swift */ = {isa = PBXFileReference; lastKnownFileType = sourcecode.swift; path = SceneDelegate.swift; sourceTree = "<group>"; };
		EC7A4213260EF05E001276FB /* ViewController.swift */ = {isa = PBXFileReference; lastKnownFileType = sourcecode.swift; path = ViewController.swift; sourceTree = "<group>"; };
		EC7A4216260EF05E001276FB /* Base */ = {isa = PBXFileReference; lastKnownFileType = file.storyboard; name = Base; path = Base.lproj/Main.storyboard; sourceTree = "<group>"; };
		EC7A4218260EF060001276FB /* Assets.xcassets */ = {isa = PBXFileReference; lastKnownFileType = folder.assetcatalog; path = Assets.xcassets; sourceTree = "<group>"; };
		EC7A421B260EF060001276FB /* Base */ = {isa = PBXFileReference; lastKnownFileType = file.storyboard; name = Base; path = Base.lproj/LaunchScreen.storyboard; sourceTree = "<group>"; };
		EC7A421D260EF060001276FB /* Info.plist */ = {isa = PBXFileReference; lastKnownFileType = text.plist.xml; path = Info.plist; sourceTree = "<group>"; };
		F2D2A7795B73CFB78EDE03C3 /* Pods-DriverPractice.debug.xcconfig */ = {isa = PBXFileReference; includeInIndex = 1; lastKnownFileType = text.xcconfig; name = "Pods-DriverPractice.debug.xcconfig"; path = "Target Support Files/Pods-DriverPractice/Pods-DriverPractice.debug.xcconfig"; sourceTree = "<group>"; };
/* End PBXFileReference section */

/* Begin PBXFrameworksBuildPhase section */
		EC7A4209260EF05E001276FB /* Frameworks */ = {
			isa = PBXFrameworksBuildPhase;
			buildActionMask = 2147483647;
			files = (
				F98C69BBA4EEE9D19DC2B3A4 /* Pods_DriverPractice.framework in Frameworks */,
			);
			runOnlyForDeploymentPostprocessing = 0;
		};
/* End PBXFrameworksBuildPhase section */

/* Begin PBXGroup section */
		061F9E0166ACC5C0B4959EA2 /* Pods */ = {
			isa = PBXGroup;
			children = (
				F2D2A7795B73CFB78EDE03C3 /* Pods-DriverPractice.debug.xcconfig */,
				29AC0513545B9BE7208291B4 /* Pods-DriverPractice.release.xcconfig */,
			);
			name = Pods;
			path = Pods;
			sourceTree = "<group>";
		};
		C17739D17341FFE9AD43C7FF /* Frameworks */ = {
			isa = PBXGroup;
			children = (
				673C93B9778502650F42E4C3 /* Pods_DriverPractice.framework */,
			);
			name = Frameworks;
			sourceTree = "<group>";
		};
		EC7A4203260EF05E001276FB = {
			isa = PBXGroup;
			children = (
				EC7A420E260EF05E001276FB /* DriverPractice */,
				EC7A420D260EF05E001276FB /* Products */,
				061F9E0166ACC5C0B4959EA2 /* Pods */,
				C17739D17341FFE9AD43C7FF /* Frameworks */,
			);
			sourceTree = "<group>";
		};
		EC7A420D260EF05E001276FB /* Products */ = {
			isa = PBXGroup;
			children = (
				EC7A420C260EF05E001276FB /* DriverPractice.app */,
			);
			name = Products;
			sourceTree = "<group>";
		};
		EC7A420E260EF05E001276FB /* DriverPractice */ = {
			isa = PBXGroup;
			children = (
				EC7A420F260EF05E001276FB /* AppDelegate.swift */,
				EC7A4211260EF05E001276FB /* SceneDelegate.swift */,
				EC7A4213260EF05E001276FB /* ViewController.swift */,
				EC7A4215260EF05E001276FB /* Main.storyboard */,
				EC7A4218260EF060001276FB /* Assets.xcassets */,
				EC7A421A260EF060001276FB /* LaunchScreen.storyboard */,
				EC7A421D260EF060001276FB /* Info.plist */,
			);
			path = DriverPractice;
			sourceTree = "<group>";
		};
/* End PBXGroup section */

/* Begin PBXNativeTarget section */
		EC7A420B260EF05E001276FB /* DriverPractice */ = {
			isa = PBXNativeTarget;
			buildConfigurationList = EC7A4220260EF060001276FB /* Build configuration list for PBXNativeTarget "DriverPractice" */;
			buildPhases = (
				F2A88D2F3545AC5C6B65BD64 /* [CP] Check Pods Manifest.lock */,
				EC7A4208260EF05E001276FB /* Sources */,
				EC7A4209260EF05E001276FB /* Frameworks */,
				EC7A420A260EF05E001276FB /* Resources */,
				D497B2D61AFEE3C55B745AC8 /* [CP] Embed Pods Frameworks */,
			);
			buildRules = (
			);
			dependencies = (
			);
			name = DriverPractice;
			productName = DriverPractice;
			productReference = EC7A420C260EF05E001276FB /* DriverPractice.app */;
			productType = "com.apple.product-type.application";
		};
/* End PBXNativeTarget section */

/* Begin PBXProject section */
		EC7A4204260EF05E001276FB /* Project object */ = {
			isa = PBXProject;
			attributes = {
				LastSwiftUpdateCheck = 1240;
				LastUpgradeCheck = 1240;
				TargetAttributes = {
					EC7A420B260EF05E001276FB = {
						CreatedOnToolsVersion = 12.4;
					};
				};
			};
			buildConfigurationList = EC7A4207260EF05E001276FB /* Build configuration list for PBXProject "DriverPractice" */;
			compatibilityVersion = "Xcode 9.3";
			developmentRegion = en;
			hasScannedForEncodings = 0;
			knownRegions = (
				en,
				Base,
			);
			mainGroup = EC7A4203260EF05E001276FB;
			productRefGroup = EC7A420D260EF05E001276FB /* Products */;
			projectDirPath = "";
			projectRoot = "";
			targets = (
				EC7A420B260EF05E001276FB /* DriverPractice */,
			);
		};
/* End PBXProject section */

/* Begin PBXResourcesBuildPhase section */
		EC7A420A260EF05E001276FB /* Resources */ = {
			isa = PBXResourcesBuildPhase;
			buildActionMask = 2147483647;
			files = (
				EC7A421C260EF060001276FB /* LaunchScreen.storyboard in Resources */,
				EC7A4219260EF060001276FB /* Assets.xcassets in Resources */,
				EC7A4217260EF05E001276FB /* Main.storyboard in Resources */,
			);
			runOnlyForDeploymentPostprocessing = 0;
		};
/* End PBXResourcesBuildPhase section */

/* Begin PBXShellScriptBuildPhase section */
		D497B2D61AFEE3C55B745AC8 /* [CP] Embed Pods Frameworks */ = {
			isa = PBXShellScriptBuildPhase;
			buildActionMask = 2147483647;
			files = (
			);
			inputFileListPaths = (
				"${PODS_ROOT}/Target Support Files/Pods-DriverPractice/Pods-DriverPractice-frameworks-${CONFIGURATION}-input-files.xcfilelist",
			);
			name = "[CP] Embed Pods Frameworks";
			outputFileListPaths = (
				"${PODS_ROOT}/Target Support Files/Pods-DriverPractice/Pods-DriverPractice-frameworks-${CONFIGURATION}-output-files.xcfilelist",
			);
			runOnlyForDeploymentPostprocessing = 0;
			shellPath = /bin/sh;
			shellScript = "\"${PODS_ROOT}/Target Support Files/Pods-DriverPractice/Pods-DriverPractice-frameworks.sh\"\n";
			showEnvVarsInLog = 0;
		};
		F2A88D2F3545AC5C6B65BD64 /* [CP] Check Pods Manifest.lock */ = {
			isa = PBXShellScriptBuildPhase;
			buildActionMask = 2147483647;
			files = (
			);
			inputFileListPaths = (
			);
			inputPaths = (
				"${PODS_PODFILE_DIR_PATH}/Podfile.lock",
				"${PODS_ROOT}/Manifest.lock",
			);
			name = "[CP] Check Pods Manifest.lock";
			outputFileListPaths = (
			);
			outputPaths = (
				"$(DERIVED_FILE_DIR)/Pods-DriverPractice-checkManifestLockResult.txt",
			);
			runOnlyForDeploymentPostprocessing = 0;
			shellPath = /bin/sh;
			shellScript = "diff \"${PODS_PODFILE_DIR_PATH}/Podfile.lock\" \"${PODS_ROOT}/Manifest.lock\" > /dev/null\nif [ $? != 0 ] ; then\n    # print error to STDERR\n    echo \"error: The sandbox is not in sync with the Podfile.lock. Run 'pod install' or update your CocoaPods installation.\" >&2\n    exit 1\nfi\n# This output is used by Xcode 'outputs' to avoid re-running this script phase.\necho \"SUCCESS\" > \"${SCRIPT_OUTPUT_FILE_0}\"\n";
			showEnvVarsInLog = 0;
		};
/* End PBXShellScriptBuildPhase section */

/* Begin PBXSourcesBuildPhase section */
		EC7A4208260EF05E001276FB /* Sources */ = {
			isa = PBXSourcesBuildPhase;
			buildActionMask = 2147483647;
			files = (
				EC7A4214260EF05E001276FB /* ViewController.swift in Sources */,
				EC7A4210260EF05E001276FB /* AppDelegate.swift in Sources */,
				EC7A4212260EF05E001276FB /* SceneDelegate.swift in Sources */,
			);
			runOnlyForDeploymentPostprocessing = 0;
		};
/* End PBXSourcesBuildPhase section */

/* Begin PBXVariantGroup section */
		EC7A4215260EF05E001276FB /* Main.storyboard */ = {
			isa = PBXVariantGroup;
			children = (
				EC7A4216260EF05E001276FB /* Base */,
			);
			name = Main.storyboard;
			sourceTree = "<group>";
		};
		EC7A421A260EF060001276FB /* LaunchScreen.storyboard */ = {
			isa = PBXVariantGroup;
			children = (
				EC7A421B260EF060001276FB /* Base */,
			);
			name = LaunchScreen.storyboard;
			sourceTree = "<group>";
		};
/* End PBXVariantGroup section */

/* Begin XCBuildConfiguration section */
		EC7A421E260EF060001276FB /* Debug */ = {
			isa = XCBuildConfiguration;
			buildSettings = {
				ALWAYS_SEARCH_USER_PATHS = NO;
				CLANG_ANALYZER_NONNULL = YES;
				CLANG_ANALYZER_NUMBER_OBJECT_CONVERSION = YES_AGGRESSIVE;
				CLANG_CXX_LANGUAGE_STANDARD = "gnu++14";
				CLANG_CXX_LIBRARY = "libc++";
				CLANG_ENABLE_MODULES = YES;
				CLANG_ENABLE_OBJC_ARC = YES;
				CLANG_ENABLE_OBJC_WEAK = YES;
				CLANG_WARN_BLOCK_CAPTURE_AUTORELEASING = YES;
				CLANG_WARN_BOOL_CONVERSION = YES;
				CLANG_WARN_COMMA = YES;
				CLANG_WARN_CONSTANT_CONVERSION = YES;
				CLANG_WARN_DEPRECATED_OBJC_IMPLEMENTATIONS = YES;
				CLANG_WARN_DIRECT_OBJC_ISA_USAGE = YES_ERROR;
				CLANG_WARN_DOCUMENTATION_COMMENTS = YES;
				CLANG_WARN_EMPTY_BODY = YES;
				CLANG_WARN_ENUM_CONVERSION = YES;
				CLANG_WARN_INFINITE_RECURSION = YES;
				CLANG_WARN_INT_CONVERSION = YES;
				CLANG_WARN_NON_LITERAL_NULL_CONVERSION = YES;
				CLANG_WARN_OBJC_IMPLICIT_RETAIN_SELF = YES;
				CLANG_WARN_OBJC_LITERAL_CONVERSION = YES;
				CLANG_WARN_OBJC_ROOT_CLASS = YES_ERROR;
				CLANG_WARN_QUOTED_INCLUDE_IN_FRAMEWORK_HEADER = YES;
				CLANG_WARN_RANGE_LOOP_ANALYSIS = YES;
				CLANG_WARN_STRICT_PROTOTYPES = YES;
				CLANG_WARN_SUSPICIOUS_MOVE = YES;
				CLANG_WARN_UNGUARDED_AVAILABILITY = YES_AGGRESSIVE;
				CLANG_WARN_UNREACHABLE_CODE = YES;
				CLANG_WARN__DUPLICATE_METHOD_MATCH = YES;
				COPY_PHASE_STRIP = NO;
				DEBUG_INFORMATION_FORMAT = dwarf;
				ENABLE_STRICT_OBJC_MSGSEND = YES;
				ENABLE_TESTABILITY = YES;
				GCC_C_LANGUAGE_STANDARD = gnu11;
				GCC_DYNAMIC_NO_PIC = NO;
				GCC_NO_COMMON_BLOCKS = YES;
				GCC_OPTIMIZATION_LEVEL = 0;
				GCC_PREPROCESSOR_DEFINITIONS = (
					"DEBUG=1",
					"$(inherited)",
				);
				GCC_WARN_64_TO_32_BIT_CONVERSION = YES;
				GCC_WARN_ABOUT_RETURN_TYPE = YES_ERROR;
				GCC_WARN_UNDECLARED_SELECTOR = YES;
				GCC_WARN_UNINITIALIZED_AUTOS = YES_AGGRESSIVE;
				GCC_WARN_UNUSED_FUNCTION = YES;
				GCC_WARN_UNUSED_VARIABLE = YES;
				IPHONEOS_DEPLOYMENT_TARGET = 14.4;
				MTL_ENABLE_DEBUG_INFO = INCLUDE_SOURCE;
				MTL_FAST_MATH = YES;
				ONLY_ACTIVE_ARCH = YES;
				SDKROOT = iphoneos;
				SWIFT_ACTIVE_COMPILATION_CONDITIONS = DEBUG;
				SWIFT_OPTIMIZATION_LEVEL = "-Onone";
			};
			name = Debug;
		};
		EC7A421F260EF060001276FB /* Release */ = {
			isa = XCBuildConfiguration;
			buildSettings = {
				ALWAYS_SEARCH_USER_PATHS = NO;
				CLANG_ANALYZER_NONNULL = YES;
				CLANG_ANALYZER_NUMBER_OBJECT_CONVERSION = YES_AGGRESSIVE;
				CLANG_CXX_LANGUAGE_STANDARD = "gnu++14";
				CLANG_CXX_LIBRARY = "libc++";
				CLANG_ENABLE_MODULES = YES;
				CLANG_ENABLE_OBJC_ARC = YES;
				CLANG_ENABLE_OBJC_WEAK = YES;
				CLANG_WARN_BLOCK_CAPTURE_AUTORELEASING = YES;
				CLANG_WARN_BOOL_CONVERSION = YES;
				CLANG_WARN_COMMA = YES;
				CLANG_WARN_CONSTANT_CONVERSION = YES;
				CLANG_WARN_DEPRECATED_OBJC_IMPLEMENTATIONS = YES;
				CLANG_WARN_DIRECT_OBJC_ISA_USAGE = YES_ERROR;
				CLANG_WARN_DOCUMENTATION_COMMENTS = YES;
				CLANG_WARN_EMPTY_BODY = YES;
				CLANG_WARN_ENUM_CONVERSION = YES;
				CLANG_WARN_INFINITE_RECURSION = YES;
				CLANG_WARN_INT_CONVERSION = YES;
				CLANG_WARN_NON_LITERAL_NULL_CONVERSION = YES;
				CLANG_WARN_OBJC_IMPLICIT_RETAIN_SELF = YES;
				CLANG_WARN_OBJC_LITERAL_CONVERSION = YES;
				CLANG_WARN_OBJC_ROOT_CLASS = YES_ERROR;
				CLANG_WARN_QUOTED_INCLUDE_IN_FRAMEWORK_HEADER = YES;
				CLANG_WARN_RANGE_LOOP_ANALYSIS = YES;
				CLANG_WARN_STRICT_PROTOTYPES = YES;
				CLANG_WARN_SUSPICIOUS_MOVE = YES;
				CLANG_WARN_UNGUARDED_AVAILABILITY = YES_AGGRESSIVE;
				CLANG_WARN_UNREACHABLE_CODE = YES;
				CLANG_WARN__DUPLICATE_METHOD_MATCH = YES;
				COPY_PHASE_STRIP = NO;
				DEBUG_INFORMATION_FORMAT = "dwarf-with-dsym";
				ENABLE_NS_ASSERTIONS = NO;
				ENABLE_STRICT_OBJC_MSGSEND = YES;
				GCC_C_LANGUAGE_STANDARD = gnu11;
				GCC_NO_COMMON_BLOCKS = YES;
				GCC_WARN_64_TO_32_BIT_CONVERSION = YES;
				GCC_WARN_ABOUT_RETURN_TYPE = YES_ERROR;
				GCC_WARN_UNDECLARED_SELECTOR = YES;
				GCC_WARN_UNINITIALIZED_AUTOS = YES_AGGRESSIVE;
				GCC_WARN_UNUSED_FUNCTION = YES;
				GCC_WARN_UNUSED_VARIABLE = YES;
				IPHONEOS_DEPLOYMENT_TARGET = 14.4;
				MTL_ENABLE_DEBUG_INFO = NO;
				MTL_FAST_MATH = YES;
				SDKROOT = iphoneos;
				SWIFT_COMPILATION_MODE = wholemodule;
				SWIFT_OPTIMIZATION_LEVEL = "-O";
				VALIDATE_PRODUCT = YES;
			};
			name = Release;
		};
		EC7A4221260EF060001276FB /* Debug */ = {
			isa = XCBuildConfiguration;
			baseConfigurationReference = F2D2A7795B73CFB78EDE03C3 /* Pods-DriverPractice.debug.xcconfig */;
			buildSettings = {
				ASSETCATALOG_COMPILER_APPICON_NAME = AppIcon;
				ASSETCATALOG_COMPILER_GLOBAL_ACCENT_COLOR_NAME = AccentColor;
				CODE_SIGN_STYLE = Automatic;
				DEVELOPMENT_TEAM = 6ZTQ76LJPZ;
				INFOPLIST_FILE = DriverPractice/Info.plist;
				LD_RUNPATH_SEARCH_PATHS = (
					"$(inherited)",
					"@executable_path/Frameworks",
				);
				PRODUCT_BUNDLE_IDENTIFIER = YunaeKim.DriverPractice;
				PRODUCT_NAME = "$(TARGET_NAME)";
				SWIFT_VERSION = 5.0;
				TARGETED_DEVICE_FAMILY = "1,2";
			};
			name = Debug;
		};
		EC7A4222260EF060001276FB /* Release */ = {
			isa = XCBuildConfiguration;
			baseConfigurationReference = 29AC0513545B9BE7208291B4 /* Pods-DriverPractice.release.xcconfig */;
			buildSettings = {
				ASSETCATALOG_COMPILER_APPICON_NAME = AppIcon;
				ASSETCATALOG_COMPILER_GLOBAL_ACCENT_COLOR_NAME = AccentColor;
				CODE_SIGN_STYLE = Automatic;
				DEVELOPMENT_TEAM = 6ZTQ76LJPZ;
				INFOPLIST_FILE = DriverPractice/Info.plist;
				LD_RUNPATH_SEARCH_PATHS = (
					"$(inherited)",
					"@executable_path/Frameworks",
				);
				PRODUCT_BUNDLE_IDENTIFIER = YunaeKim.DriverPractice;
				PRODUCT_NAME = "$(TARGET_NAME)";
				SWIFT_VERSION = 5.0;
				TARGETED_DEVICE_FAMILY = "1,2";
			};
			name = Release;
		};
/* End XCBuildConfiguration section */

/* Begin XCConfigurationList section */
		EC7A4207260EF05E001276FB /* Build configuration list for PBXProject "DriverPractice" */ = {
			isa = XCConfigurationList;
			buildConfigurations = (
				EC7A421E260EF060001276FB /* Debug */,
				EC7A421F260EF060001276FB /* Release */,
			);
			defaultConfigurationIsVisible = 0;
			defaultConfigurationName = Release;
		};
		EC7A4220260EF060001276FB /* Build configuration list for PBXNativeTarget "DriverPractice" */ = {
			isa = XCConfigurationList;
			buildConfigurations = (
				EC7A4221260EF060001276FB /* Debug */,
				EC7A4222260EF060001276FB /* Release */,
			);
			defaultConfigurationIsVisible = 0;
			defaultConfigurationName = Release;
		};
/* End XCConfigurationList section */
	};
	rootObject = EC7A4204260EF05E001276FB /* Project object */;
}
